# This file is autogenerated, do not edit; changes may be undone by the next 'dep ensure'.


[[projects]]
  name = "github.com/DataDog/datadog-agent"
  packages = ["pkg/pidfile"]
  revision = "92733ff01547103d5286afc9e272d501cb18f761"

[[projects]]
  name = "github.com/DataDog/datadog-go"
  packages = ["statsd"]
  revision = "a9c7a9896c1847c9cc2b068a2ae68e9d74540a5d"

[[projects]]
  name = "github.com/StackExchange/wmi"
  packages = ["."]
  revision = "ea383cf3ba6ec950874b8486cd72356d007c768f"

[[projects]]
  name = "github.com/cihub/seelog"
  packages = ["."]
  revision = "d2c6e5aa9fbfdd1c624e140287063c7730654115"
  version = "v2.6"

[[projects]]
  name = "github.com/davecgh/go-spew"
  packages = ["spew"]
  revision = "6d212800a42e8ab5c146b8ace3490ee17e5225f9"

[[projects]]
  name = "github.com/go-ini/ini"
  packages = ["."]
  revision = "74bdc99692c3408cb103221e38675ce8fda0a718"
  version = "v1.25.2"

[[projects]]
  name = "github.com/go-ole/go-ole"
  packages = [
    ".",
    "oleutil"
  ]
  revision = "de8695c8edbf8236f30d6e1376e20b198a028d42"

[[projects]]
  name = "github.com/gogo/protobuf"
  packages = [
    "gogoproto",
    "proto",
    "protoc-gen-gogo/descriptor"
  ]
  revision = "342cbe0a04158f6dcb03ca0079991a51a4248c02"
  version = "v0.5"

[[projects]]
  name = "github.com/golang/protobuf"
  packages = ["proto"]
  revision = "1e59b77b52bf8e4b449a57e6f79f21226d571845"

[[projects]]
  name = "github.com/philhofer/fwd"
  packages = ["."]
  revision = "bb6d471dc95d4fe11e432687f8b70ff496cf3136"
  version = "v1.0.0"

[[projects]]
  name = "github.com/pmezard/go-difflib"
  packages = ["difflib"]
  revision = "d8ed2627bdf02c080bf22230dbb337003b7aba2d"

[[projects]]
  name = "github.com/shirou/gopsutil"
  packages = [
    "cpu",
    "host",
    "internal/common",
    "mem",
    "net",
    "process"
  ]
  revision = "70a1b78fe69202d93d6718fc9e3a4d6f81edfd58"
  version = "v2.17.01"

[[projects]]
  branch = "master"
  name = "github.com/shirou/w32"
  packages = ["."]
  revision = "bb4de0191aa41b5507caa14b0650cdbddcd9280b"

[[projects]]
  name = "github.com/stretchr/testify"
  packages = [
    "assert",
    "require"
  ]
  revision = "69483b4bd14f5845b5a1e55bca19e954e827f1d0"
  version = "v1.1.4"

[[projects]]
  name = "github.com/tinylib/msgp"
  packages = ["msgp"]
  revision = "362bfb3384d53ae4d5dd745983a4d70b6d23628c"

[[projects]]
  name = "golang.org/x/sys"
  packages = [
    "windows",
    "windows/registry",
    "windows/svc",
    "windows/svc/debug",
    "windows/svc/eventlog",
    "windows/svc/mgr"
  ]
  revision = "8f0908ab3b2457e2e15403d3697c9ef5cb4b57a9"

[[projects]]
  branch = "v2"
  name = "gopkg.in/yaml.v2"
  packages = ["."]
  revision = "d670f9405373e636a5a2765eea47fac0c9bc91a4"

[solve-meta]
  analyzer-name = "dep"
  analyzer-version = 1
  inputs-digest = "77c57f58ee339b502c5e6c59a3f7214813c33ceb39af3278565f7fa2fcc4c8c4"
  solver-name = "gps-cdcl"
  solver-version = 1
